
Microsoft Visual Studio Solution File, Format Version 12.00
# Visual Studio Version 17
VisualStudioVersion = 17.14.36301.6
MinimumVisualStudioVersion = 10.0.40219.1
Project("{8BC9CEB8-8B4A-11D0-8D11-00A0C91BC942}") = "Program", "Program.vcxproj", "{0D01B7DE-2083-4424-A2DF-172B2D0B9E65}"
EndProject
Project("{8BC9CEB8-8B4A-11D0-8D11-00A0C91BC942}") = "Class1th(Time)", "..\Class1th(Time)\Class1th(Time).vcxproj", "{7DF8F716-9B21-43B6-BBE7-881A30679341}"
EndProject
Project("{8BC9CEB8-8B4A-11D0-8D11-00A0C91BC942}") = "Class2th (File input & Output)", "..\Class2th (File input & Output)\Class2th (File input & Output).vcxproj", "{35BB2CC3-367E-4DD2-9141-03D2E21B17FD}"
EndProject
Project("{8BC9CEB8-8B4A-11D0-8D11-00A0C91BC942}") = "Class3th (input System)", "..\Class3th (input System)\Class3th (input System).vcxproj", "{A8AADD1D-8C08-4E65-9C3E-8F994C1A2408}"
EndProject
Global
	GlobalSection(SolutionConfigurationPlatforms) = preSolution
		Debug|x64 = Debug|x64
		Debug|x86 = Debug|x86
		Release|x64 = Release|x64
		Release|x86 = Release|x86
	EndGlobalSection
	GlobalSection(ProjectConfigurationPlatforms) = postSolution
		{0D01B7DE-2083-4424-A2DF-172B2D0B9E65}.Debug|x64.ActiveCfg = Debug|x64
		{0D01B7DE-2083-4424-A2DF-172B2D0B9E65}.Debug|x64.Build.0 = Debug|x64
		{0D01B7DE-2083-4424-A2DF-172B2D0B9E65}.Debug|x86.ActiveCfg = Debug|Win32
		{0D01B7DE-2083-4424-A2DF-172B2D0B9E65}.Debug|x86.Build.0 = Debug|Win32
		{0D01B7DE-2083-4424-A2DF-172B2D0B9E65}.Release|x64.ActiveCfg = Release|x64
		{0D01B7DE-2083-4424-A2DF-172B2D0B9E65}.Release|x64.Build.0 = Release|x64
		{0D01B7DE-2083-4424-A2DF-172B2D0B9E65}.Release|x86.ActiveCfg = Release|Win32
		{0D01B7DE-2083-4424-A2DF-172B2D0B9E65}.Release|x86.Build.0 = Release|Win32
		{7DF8F716-9B21-43B6-BBE7-881A30679341}.Debug|x64.ActiveCfg = Debug|x64
		{7DF8F716-9B21-43B6-BBE7-881A30679341}.Debug|x64.Build.0 = Debug|x64
		{7DF8F716-9B21-43B6-BBE7-881A30679341}.Debug|x86.ActiveCfg = Debug|Win32
		{7DF8F716-9B21-43B6-BBE7-881A30679341}.Debug|x86.Build.0 = Debug|Win32
		{7DF8F716-9B21-43B6-BBE7-881A30679341}.Release|x64.ActiveCfg = Release|x64
		{7DF8F716-9B21-43B6-BBE7-881A30679341}.Release|x64.Build.0 = Release|x64
		{7DF8F716-9B21-43B6-BBE7-881A30679341}.Release|x86.ActiveCfg = Release|Win32
		{7DF8F716-9B21-43B6-BBE7-881A30679341}.Release|x86.Build.0 = Release|Win32
		{35BB2CC3-367E-4DD2-9141-03D2E21B17FD}.Debug|x64.ActiveCfg = Debug|x64
		{35BB2CC3-367E-4DD2-9141-03D2E21B17FD}.Debug|x64.Build.0 = Debug|x64
		{35BB2CC3-367E-4DD2-9141-03D2E21B17FD}.Debug|x86.ActiveCfg = Debug|Win32
		{35BB2CC3-367E-4DD2-9141-03D2E21B17FD}.Debug|x86.Build.0 = Debug|Win32
		{35BB2CC3-367E-4DD2-9141-03D2E21B17FD}.Release|x64.ActiveCfg = Release|x64
		{35BB2CC3-367E-4DD2-9141-03D2E21B17FD}.Release|x64.Build.0 = Release|x64
		{35BB2CC3-367E-4DD2-9141-03D2E21B17FD}.Release|x86.ActiveCfg = Release|Win32
		{35BB2CC3-367E-4DD2-9141-03D2E21B17FD}.Release|x86.Build.0 = Release|Win32
		{A8AADD1D-8C08-4E65-9C3E-8F994C1A2408}.Debug|x64.ActiveCfg = Debug|x64
		{A8AADD1D-8C08-4E65-9C3E-8F994C1A2408}.Debug|x64.Build.0 = Debug|x64
		{A8AADD1D-8C08-4E65-9C3E-8F994C1A2408}.Debug|x86.ActiveCfg = Debug|Win32
		{A8AADD1D-8C08-4E65-9C3E-8F994C1A2408}.Debug|x86.Build.0 = Debug|Win32
		{A8AADD1D-8C08-4E65-9C3E-8F994C1A2408}.Release|x64.ActiveCfg = Release|x64
		{A8AADD1D-8C08-4E65-9C3E-8F994C1A2408}.Release|x64.Build.0 = Release|x64
		{A8AADD1D-8C08-4E65-9C3E-8F994C1A2408}.Release|x86.ActiveCfg = Release|Win32
		{A8AADD1D-8C08-4E65-9C3E-8F994C1A2408}.Release|x86.Build.0 = Release|Win32
	EndGlobalSection
	GlobalSection(SolutionProperties) = preSolution
		HideSolutionNode = FALSE
	EndGlobalSection
	GlobalSection(ExtensibilityGlobals) = postSolution
		SolutionGuid = {08EECCBA-3279-470F-AA9B-B12108991B97}
	EndGlobalSection
EndGlobal
